
Microsoft Visual Studio Solution File, Format Version 12.00
# Visual Studio Version 17
VisualStudioVersion = 17.14.36518.9 d17.14
MinimumVisualStudioVersion = 10.0.40219.1
Project("{F184B08F-C81C-45F6-A57F-5ABD9991F28F}") = "GSB", "GSB.vbproj", "{46D46A7E-F1FA-4467-AFDF-F77F56114778}"
EndProject
Global
	GlobalSection(SolutionConfigurationPlatforms) = preSolution
		Debug|Any CPU = Debug|Any CPU
		Release|Any CPU = Release|Any CPU
	EndGlobalSection
	GlobalSection(ProjectConfigurationPlatforms) = postSolution
		{46D46A7E-F1FA-4467-AFDF-F77F56114778}.Debug|Any CPU.ActiveCfg = Debug|Any CPU
		{46D46A7E-F1FA-4467-AFDF-F77F56114778}.Debug|Any CPU.Build.0 = Debug|Any CPU
		{46D46A7E-F1FA-4467-AFDF-F77F56114778}.Release|Any CPU.ActiveCfg = Release|Any CPU
		{46D46A7E-F1FA-4467-AFDF-F77F56114778}.Release|Any CPU.Build.0 = Release|Any CPU
	EndGlobalSection
	GlobalSection(SolutionProperties) = preSolution
		HideSolutionNode = FALSE
	EndGlobalSection
	GlobalSection(ExtensibilityGlobals) = postSolution
		SolutionGuid = {EB353B60-137F-4A04-A3EA-1CFE2A92852D}
	EndGlobalSection
EndGlobal
